<?xml version="1.0" encoding="UTF-8" standalone="yes" ?>
<CodeBlocks_project_file>
	<FileVersion major="1" minor="6" />
	<Project>
		<Option title="MatriciMonoDimensionaliProgetto" />
		<Option pch_mode="2" />
		<Option compiler="clang" />
		<Option virtualFolders="MoltiplicazioneDueMatrici/;SommaDueMatrici/;ProdottoScalare/;MatriceTrasposta/;" />
		<Build>
			<Target title="Debug">
				<Option output="bin/Debug/MatriciMonoDimensionaliProgetto" prefix_auto="1" extension_auto="1" />
				<Option object_output="obj/Debug/" />
				<Option type="1" />
				<Option compiler="clang" />
				<Compiler>
					<Add option="-g" />
				</Compiler>
			</Target>
			<Target title="Release">
				<Option output="bin/Release/MatriciMonoDimensionaliProgetto" prefix_auto="1" extension_auto="1" />
				<Option object_output="obj/Release/" />
				<Option type="1" />
				<Option compiler="clang" />
				<Compiler>
					<Add option="-O2" />
				</Compiler>
				<Linker>
					<Add option="-s" />
				</Linker>
			</Target>
		</Build>
		<Compiler>
			<Add option="-Weverything" />
		</Compiler>
		<Unit filename="CalcoloMatriceTrasposta.c">
			<Option compilerVar="CC" />
			<Option virtualFolder="MatriceTrasposta/" />
		</Unit>
		<Unit filename="CalcoloMatriceTrasposta.h" />
		<Unit filename="CalcoloProdottoDueMatrici.c">
			<Option compilerVar="CC" />
			<Option virtualFolder="MoltiplicazioneDueMatrici/" />
		</Unit>
		<Unit filename="CalcoloProdottoDueMatrici.h" />
		<Unit filename="CalcoloProdottoScalare.c">
			<Option compilerVar="CC" />
			<Option virtualFolder="ProdottoScalare/" />
		</Unit>
		<Unit filename="CalcoloProdottoScalare.h" />
		<Unit filename="CalcoloSommaDueMatrici.c">
			<Option compilerVar="CC" />
			<Option virtualFolder="SommaDueMatrici/" />
		</Unit>
		<Unit filename="CalcoloSommaDueMatrici.h" />
		<Unit filename="InserimentoElementiMatrice.c">
			<Option compilerVar="CC" />
		</Unit>
		<Unit filename="InserimentoElementiMatrice.h" />
		<Unit filename="InserimentoRigheEColonne.c">
			<Option compilerVar="CC" />
		</Unit>
		<Unit filename="InserimentoRigheEColonne.h" />
		<Unit filename="MatriceMoltiplicazione.c">
			<Option compilerVar="CC" />
			<Option virtualFolder="MoltiplicazioneDueMatrici/" />
		</Unit>
		<Unit filename="MatriceMoltiplicazione.h" />
		<Unit filename="MatriceSomma.c">
			<Option compilerVar="CC" />
			<Option virtualFolder="SommaDueMatrici/" />
		</Unit>
		<Unit filename="MatriceSomma.h" />
		<Unit filename="MatriceTrasposta.c">
			<Option compilerVar="CC" />
			<Option virtualFolder="MatriceTrasposta/" />
		</Unit>
		<Unit filename="MatriceTrasposta.h" />
		<Unit filename="ProdottoScalare.c">
			<Option compilerVar="CC" />
			<Option virtualFolder="ProdottoScalare/" />
		</Unit>
		<Unit filename="ProdottoScalare.h" />
		<Unit filename="StampaMatriceRisulta.c">
			<Option compilerVar="CC" />
		</Unit>
		<Unit filename="StampaMatriceRisulta.h" />
		<Unit filename="main.c">
			<Option compilerVar="CC" />
		</Unit>
		<Extensions>
			<code_completion />
			<debugger />
		</Extensions>
	</Project>
</CodeBlocks_project_file>
